
Microsoft Visual Studio Solution File, Format Version 12.00
# Visual Studio Version 16
VisualStudioVersion = 16.0.29609.76
MinimumVisualStudioVersion = 10.0.40219.1
Project("{9A19103F-16F7-4668-BE54-9A1E7A4F7556}") = "Blazor.TemplateComponent.App", "Blazor.TemplateComponent.App\Blazor.TemplateComponent.App.csproj", "{169D8FB2-B80F-4E97-B694-DD582FC72DD6}"
EndProject
Global
	GlobalSection(SolutionConfigurationPlatforms) = preSolution
		Debug|Any CPU = Debug|Any CPU
		Release|Any CPU = Release|Any CPU
	EndGlobalSection
	GlobalSection(ProjectConfigurationPlatforms) = postSolution
		{169D8FB2-B80F-4E97-B694-DD582FC72DD6}.Debug|Any CPU.ActiveCfg = Debug|Any CPU
		{169D8FB2-B80F-4E97-B694-DD582FC72DD6}.Debug|Any CPU.Build.0 = Debug|Any CPU
		{169D8FB2-B80F-4E97-B694-DD582FC72DD6}.Release|Any CPU.ActiveCfg = Release|Any CPU
		{169D8FB2-B80F-4E97-B694-DD582FC72DD6}.Release|Any CPU.Build.0 = Release|Any CPU
	EndGlobalSection
	GlobalSection(SolutionProperties) = preSolution
		HideSolutionNode = FALSE
	EndGlobalSection
	GlobalSection(ExtensibilityGlobals) = postSolution
		SolutionGuid = {89FB487F-1CA5-42F3-B192-37772B5CAAA1}
	EndGlobalSection
EndGlobal
